// !$*UTF8*$!
{
	archiveVersion = 1;
	classes = {
	};
	objectVersion = 51;
	objects = {

/* Begin PBXBuildFile section */
		4471262625631365005EB0D4 /* AuthService.swift in Sources */ = {isa = PBXBuildFile; fileRef = 4471262525631365005EB0D4 /* AuthService.swift */; };
		44EF1F1025549D77008F01C3 /* AppDelegate.swift in Sources */ = {isa = PBXBuildFile; fileRef = 44EF1F0F25549D77008F01C3 /* AppDelegate.swift */; };
		44EF1F1225549D77008F01C3 /* SceneDelegate.swift in Sources */ = {isa = PBXBuildFile; fileRef = 44EF1F1125549D77008F01C3 /* SceneDelegate.swift */; };
		44EF1F1425549D77008F01C3 /* NewsVC.swift in Sources */ = {isa = PBXBuildFile; fileRef = 44EF1F1325549D77008F01C3 /* NewsVC.swift */; };
		44EF1F1625549D77008F01C3 /* GroupVC.swift in Sources */ = {isa = PBXBuildFile; fileRef = 44EF1F1525549D77008F01C3 /* GroupVC.swift */; };
		44EF1F1925549D77008F01C3 /* Main.storyboard in Resources */ = {isa = PBXBuildFile; fileRef = 44EF1F1725549D77008F01C3 /* Main.storyboard */; };
		44EF1F1B25549D78008F01C3 /* Assets.xcassets in Resources */ = {isa = PBXBuildFile; fileRef = 44EF1F1A25549D78008F01C3 /* Assets.xcassets */; };
		44EF1F1E25549D78008F01C3 /* LaunchScreen.storyboard in Resources */ = {isa = PBXBuildFile; fileRef = 44EF1F1C25549D78008F01C3 /* LaunchScreen.storyboard */; };
		44EF1F2725549DF5008F01C3 /* GoogleService-Info.plist in Resources */ = {isa = PBXBuildFile; fileRef = 44EF1F2625549DF5008F01C3 /* GoogleService-Info.plist */; };
		44EF1F2A25549FE5008F01C3 /* DataService.swift in Sources */ = {isa = PBXBuildFile; fileRef = 44EF1F2925549FE5008F01C3 /* DataService.swift */; };
		44EF1F2C2554A62B008F01C3 /* LoginVC.swift in Sources */ = {isa = PBXBuildFile; fileRef = 44EF1F2B2554A62B008F01C3 /* LoginVC.swift */; };
		44EF1F2E2554B06E008F01C3 /* SignInVC.swift in Sources */ = {isa = PBXBuildFile; fileRef = 44EF1F2D2554B06E008F01C3 /* SignInVC.swift */; };
		44EF1F312554B1DC008F01C3 /* CustomTextField.swift in Sources */ = {isa = PBXBuildFile; fileRef = 44EF1F302554B1DC008F01C3 /* CustomTextField.swift */; };
		44EF1F332554CD2E008F01C3 /* ViewShadowing.swift in Sources */ = {isa = PBXBuildFile; fileRef = 44EF1F322554CD2E008F01C3 /* ViewShadowing.swift */; };
		CE984668D7CFB3DD46CEB232 /* Pods_chatApp.framework in Frameworks */ = {isa = PBXBuildFile; fileRef = AB1155BA8FB4A89199E4732C /* Pods_chatApp.framework */; };
/* End PBXBuildFile section */

/* Begin PBXFileReference section */
		4471262525631365005EB0D4 /* AuthService.swift */ = {isa = PBXFileReference; lastKnownFileType = sourcecode.swift; path = AuthService.swift; sourceTree = "<group>"; };
		44EF1F0C25549D77008F01C3 /* chatApp.app */ = {isa = PBXFileReference; explicitFileType = wrapper.application; includeInIndex = 0; path = chatApp.app; sourceTree = BUILT_PRODUCTS_DIR; };
		44EF1F0F25549D77008F01C3 /* AppDelegate.swift */ = {isa = PBXFileReference; lastKnownFileType = sourcecode.swift; path = AppDelegate.swift; sourceTree = "<group>"; };
		44EF1F1125549D77008F01C3 /* SceneDelegate.swift */ = {isa = PBXFileReference; lastKnownFileType = sourcecode.swift; path = SceneDelegate.swift; sourceTree = "<group>"; };
		44EF1F1325549D77008F01C3 /* NewsVC.swift */ = {isa = PBXFileReference; lastKnownFileType = sourcecode.swift; path = NewsVC.swift; sourceTree = "<group>"; };
		44EF1F1525549D77008F01C3 /* GroupVC.swift */ = {isa = PBXFileReference; lastKnownFileType = sourcecode.swift; path = GroupVC.swift; sourceTree = "<group>"; };
		44EF1F1825549D77008F01C3 /* Base */ = {isa = PBXFileReference; lastKnownFileType = file.storyboard; name = Base; path = Base.lproj/Main.storyboard; sourceTree = "<group>"; };
		44EF1F1A25549D78008F01C3 /* Assets.xcassets */ = {isa = PBXFileReference; lastKnownFileType = folder.assetcatalog; path = Assets.xcassets; sourceTree = "<group>"; };
		44EF1F1D25549D78008F01C3 /* Base */ = {isa = PBXFileReference; lastKnownFileType = file.storyboard; name = Base; path = Base.lproj/LaunchScreen.storyboard; sourceTree = "<group>"; };
		44EF1F1F25549D78008F01C3 /* Info.plist */ = {isa = PBXFileReference; lastKnownFileType = text.plist.xml; path = Info.plist; sourceTree = "<group>"; };
		44EF1F2625549DF5008F01C3 /* GoogleService-Info.plist */ = {isa = PBXFileReference; fileEncoding = 4; lastKnownFileType = text.plist.xml; path = "GoogleService-Info.plist"; sourceTree = "<group>"; };
		44EF1F2925549FE5008F01C3 /* DataService.swift */ = {isa = PBXFileReference; lastKnownFileType = sourcecode.swift; path = DataService.swift; sourceTree = "<group>"; };
		44EF1F2B2554A62B008F01C3 /* LoginVC.swift */ = {isa = PBXFileReference; lastKnownFileType = sourcecode.swift; path = LoginVC.swift; sourceTree = "<group>"; };
		44EF1F2D2554B06E008F01C3 /* SignInVC.swift */ = {isa = PBXFileReference; lastKnownFileType = sourcecode.swift; path = SignInVC.swift; sourceTree = "<group>"; };
		44EF1F302554B1DC008F01C3 /* CustomTextField.swift */ = {isa = PBXFileReference; lastKnownFileType = sourcecode.swift; path = CustomTextField.swift; sourceTree = "<group>"; };
		44EF1F322554CD2E008F01C3 /* ViewShadowing.swift */ = {isa = PBXFileReference; lastKnownFileType = sourcecode.swift; path = ViewShadowing.swift; sourceTree = "<group>"; };
		789782C2527937F259CE88B5 /* Pods-chatApp.debug.xcconfig */ = {isa = PBXFileReference; includeInIndex = 1; lastKnownFileType = text.xcconfig; name = "Pods-chatApp.debug.xcconfig"; path = "Target Support Files/Pods-chatApp/Pods-chatApp.debug.xcconfig"; sourceTree = "<group>"; };
		AB1155BA8FB4A89199E4732C /* Pods_chatApp.framework */ = {isa = PBXFileReference; explicitFileType = wrapper.framework; includeInIndex = 0; path = Pods_chatApp.framework; sourceTree = BUILT_PRODUCTS_DIR; };
		FBFF913CB5445EC730C57E39 /* Pods-chatApp.release.xcconfig */ = {isa = PBXFileReference; includeInIndex = 1; lastKnownFileType = text.xcconfig; name = "Pods-chatApp.release.xcconfig"; path = "Target Support Files/Pods-chatApp/Pods-chatApp.release.xcconfig"; sourceTree = "<group>"; };
/* End PBXFileReference section */

/* Begin PBXFrameworksBuildPhase section */
		44EF1F0925549D77008F01C3 /* Frameworks */ = {
			isa = PBXFrameworksBuildPhase;
			buildActionMask = 2147483647;
			files = (
				CE984668D7CFB3DD46CEB232 /* Pods_chatApp.framework in Frameworks */,
			);
			runOnlyForDeploymentPostprocessing = 0;
		};
/* End PBXFrameworksBuildPhase section */

/* Begin PBXGroup section */
		44EF1F0325549D76008F01C3 = {
			isa = PBXGroup;
			children = (
				44EF1F0E25549D77008F01C3 /* chatApp */,
				44EF1F0D25549D77008F01C3 /* Products */,
				8051FDC17356C2DB10D50D4E /* Pods */,
				CFCA86A6D311BE4B644A30D5 /* Frameworks */,
			);
			sourceTree = "<group>";
		};
		44EF1F0D25549D77008F01C3 /* Products */ = {
			isa = PBXGroup;
			children = (
				44EF1F0C25549D77008F01C3 /* chatApp.app */,
			);
			name = Products;
			sourceTree = "<group>";
		};
		44EF1F0E25549D77008F01C3 /* chatApp */ = {
			isa = PBXGroup;
			children = (
				44EF1F2F2554B195008F01C3 /* view */,
				44EF1F2825549FC5008F01C3 /* dataService */,
				44EF1F2525549D90008F01C3 /* controllers */,
				44EF1F0F25549D77008F01C3 /* AppDelegate.swift */,
				44EF1F1125549D77008F01C3 /* SceneDelegate.swift */,
				44EF1F1725549D77008F01C3 /* Main.storyboard */,
				44EF1F1A25549D78008F01C3 /* Assets.xcassets */,
				44EF1F1C25549D78008F01C3 /* LaunchScreen.storyboard */,
				44EF1F1F25549D78008F01C3 /* Info.plist */,
				44EF1F2625549DF5008F01C3 /* GoogleService-Info.plist */,
			);
			path = chatApp;
			sourceTree = "<group>";
		};
		44EF1F2525549D90008F01C3 /* controllers */ = {
			isa = PBXGroup;
			children = (
				44EF1F1325549D77008F01C3 /* NewsVC.swift */,
				44EF1F1525549D77008F01C3 /* GroupVC.swift */,
				44EF1F2B2554A62B008F01C3 /* LoginVC.swift */,
				44EF1F2D2554B06E008F01C3 /* SignInVC.swift */,
			);
			path = controllers;
			sourceTree = "<group>";
		};
		44EF1F2825549FC5008F01C3 /* dataService */ = {
			isa = PBXGroup;
			children = (
				44EF1F2925549FE5008F01C3 /* DataService.swift */,
				4471262525631365005EB0D4 /* AuthService.swift */,
			);
			path = dataService;
			sourceTree = "<group>";
		};
		44EF1F2F2554B195008F01C3 /* view */ = {
			isa = PBXGroup;
			children = (
				44EF1F302554B1DC008F01C3 /* CustomTextField.swift */,
				44EF1F322554CD2E008F01C3 /* ViewShadowing.swift */,
			);
			path = view;
			sourceTree = "<group>";
		};
		8051FDC17356C2DB10D50D4E /* Pods */ = {
			isa = PBXGroup;
			children = (
				789782C2527937F259CE88B5 /* Pods-chatApp.debug.xcconfig */,
				FBFF913CB5445EC730C57E39 /* Pods-chatApp.release.xcconfig */,
			);
			path = Pods;
			sourceTree = "<group>";
		};
		CFCA86A6D311BE4B644A30D5 /* Frameworks */ = {
			isa = PBXGroup;
			children = (
				AB1155BA8FB4A89199E4732C /* Pods_chatApp.framework */,
			);
			name = Frameworks;
			sourceTree = "<group>";
		};
/* End PBXGroup section */

/* Begin PBXNativeTarget section */
		44EF1F0B25549D77008F01C3 /* chatApp */ = {
			isa = PBXNativeTarget;
			buildConfigurationList = 44EF1F2225549D78008F01C3 /* Build configuration list for PBXNativeTarget "chatApp" */;
			buildPhases = (
				ED2EA908867F8CED00B1C667 /* [CP] Check Pods Manifest.lock */,
				44EF1F0825549D77008F01C3 /* Sources */,
				44EF1F0925549D77008F01C3 /* Frameworks */,
				44EF1F0A25549D77008F01C3 /* Resources */,
				E08D1E8AC9FB24B256171450 /* [CP] Embed Pods Frameworks */,
			);
			buildRules = (
			);
			dependencies = (
			);
			name = chatApp;
			productName = chatApp;
			productReference = 44EF1F0C25549D77008F01C3 /* chatApp.app */;
			productType = "com.apple.product-type.application";
		};
/* End PBXNativeTarget section */

/* Begin PBXProject section */
		44EF1F0425549D76008F01C3 /* Project object */ = {
			isa = PBXProject;
			attributes = {
				LastSwiftUpdateCheck = 1140;
				LastUpgradeCheck = 1140;
				ORGANIZATIONNAME = "Abhinav Bhardwaj";
				TargetAttributes = {
					44EF1F0B25549D77008F01C3 = {
						CreatedOnToolsVersion = 11.4;
					};
				};
			};
			buildConfigurationList = 44EF1F0725549D76008F01C3 /* Build configuration list for PBXProject "chatApp" */;
			compatibilityVersion = "Xcode 9.3";
			developmentRegion = en;
			hasScannedForEncodings = 0;
			knownRegions = (
				en,
				Base,
			);
			mainGroup = 44EF1F0325549D76008F01C3;
			productRefGroup = 44EF1F0D25549D77008F01C3 /* Products */;
			projectDirPath = "";
			projectRoot = "";
			targets = (
				44EF1F0B25549D77008F01C3 /* chatApp */,
			);
		};
/* End PBXProject section */

/* Begin PBXResourcesBuildPhase section */
		44EF1F0A25549D77008F01C3 /* Resources */ = {
			isa = PBXResourcesBuildPhase;
			buildActionMask = 2147483647;
			files = (
				44EF1F1E25549D78008F01C3 /* LaunchScreen.storyboard in Resources */,
				44EF1F2725549DF5008F01C3 /* GoogleService-Info.plist in Resources */,
				44EF1F1B25549D78008F01C3 /* Assets.xcassets in Resources */,
				44EF1F1925549D77008F01C3 /* Main.storyboard in Resources */,
			);
			runOnlyForDeploymentPostprocessing = 0;
		};
/* End PBXResourcesBuildPhase section */

/* Begin PBXShellScriptBuildPhase section */
		E08D1E8AC9FB24B256171450 /* [CP] Embed Pods Frameworks */ = {
			isa = PBXShellScriptBuildPhase;
			buildActionMask = 2147483647;
			files = (
			);
			inputFileListPaths = (
				"${PODS_ROOT}/Target Support Files/Pods-chatApp/Pods-chatApp-frameworks-${CONFIGURATION}-input-files.xcfilelist",
			);
			name = "[CP] Embed Pods Frameworks";
			outputFileListPaths = (
				"${PODS_ROOT}/Target Support Files/Pods-chatApp/Pods-chatApp-frameworks-${CONFIGURATION}-output-files.xcfilelist",
			);
			runOnlyForDeploymentPostprocessing = 0;
			shellPath = /bin/sh;
			shellScript = "\"${PODS_ROOT}/Target Support Files/Pods-chatApp/Pods-chatApp-frameworks.sh\"\n";
			showEnvVarsInLog = 0;
		};
		ED2EA908867F8CED00B1C667 /* [CP] Check Pods Manifest.lock */ = {
			isa = PBXShellScriptBuildPhase;
			buildActionMask = 2147483647;
			files = (
			);
			inputFileListPaths = (
			);
			inputPaths = (
				"${PODS_PODFILE_DIR_PATH}/Podfile.lock",
				"${PODS_ROOT}/Manifest.lock",
			);
			name = "[CP] Check Pods Manifest.lock";
			outputFileListPaths = (
			);
			outputPaths = (
				"$(DERIVED_FILE_DIR)/Pods-chatApp-checkManifestLockResult.txt",
			);
			runOnlyForDeploymentPostprocessing = 0;
			shellPath = /bin/sh;
			shellScript = "diff \"${PODS_PODFILE_DIR_PATH}/Podfile.lock\" \"${PODS_ROOT}/Manifest.lock\" > /dev/null\nif [ $? != 0 ] ; then\n    # print error to STDERR\n    echo \"error: The sandbox is not in sync with the Podfile.lock. Run 'pod install' or update your CocoaPods installation.\" >&2\n    exit 1\nfi\n# This output is used by Xcode 'outputs' to avoid re-running this script phase.\necho \"SUCCESS\" > \"${SCRIPT_OUTPUT_FILE_0}\"\n";
			showEnvVarsInLog = 0;
		};
/* End PBXShellScriptBuildPhase section */

/* Begin PBXSourcesBuildPhase section */
		44EF1F0825549D77008F01C3 /* Sources */ = {
			isa = PBXSourcesBuildPhase;
			buildActionMask = 2147483647;
			files = (
				44EF1F1625549D77008F01C3 /* GroupVC.swift in Sources */,
				44EF1F332554CD2E008F01C3 /* ViewShadowing.swift in Sources */,
				44EF1F1425549D77008F01C3 /* NewsVC.swift in Sources */,
				44EF1F2C2554A62B008F01C3 /* LoginVC.swift in Sources */,
				44EF1F1025549D77008F01C3 /* AppDelegate.swift in Sources */,
				44EF1F312554B1DC008F01C3 /* CustomTextField.swift in Sources */,
				44EF1F2E2554B06E008F01C3 /* SignInVC.swift in Sources */,
				4471262625631365005EB0D4 /* AuthService.swift in Sources */,
				44EF1F1225549D77008F01C3 /* SceneDelegate.swift in Sources */,
				44EF1F2A25549FE5008F01C3 /* DataService.swift in Sources */,
			);
			runOnlyForDeploymentPostprocessing = 0;
		};
/* End PBXSourcesBuildPhase section */

/* Begin PBXVariantGroup section */
		44EF1F1725549D77008F01C3 /* Main.storyboard */ = {
			isa = PBXVariantGroup;
			children = (
				44EF1F1825549D77008F01C3 /* Base */,
			);
			name = Main.storyboard;
			sourceTree = "<group>";
		};
		44EF1F1C25549D78008F01C3 /* LaunchScreen.storyboard */ = {
			isa = PBXVariantGroup;
			children = (
				44EF1F1D25549D78008F01C3 /* Base */,
			);
			name = LaunchScreen.storyboard;
			sourceTree = "<group>";
		};
/* End PBXVariantGroup section */

/* Begin XCBuildConfiguration section */
		44EF1F2025549D78008F01C3 /* Debug */ = {
			isa = XCBuildConfiguration;
			buildSettings = {
				ALWAYS_SEARCH_USER_PATHS = NO;
				CLANG_ANALYZER_NONNULL = YES;
				CLANG_ANALYZER_NUMBER_OBJECT_CONVERSION = YES_AGGRESSIVE;
				CLANG_CXX_LANGUAGE_STANDARD = "gnu++14";
				CLANG_CXX_LIBRARY = "libc++";
				CLANG_ENABLE_MODULES = YES;
				CLANG_ENABLE_OBJC_ARC = YES;
				CLANG_ENABLE_OBJC_WEAK = YES;
				CLANG_WARN_BLOCK_CAPTURE_AUTORELEASING = YES;
				CLANG_WARN_BOOL_CONVERSION = YES;
				CLANG_WARN_COMMA = YES;
				CLANG_WARN_CONSTANT_CONVERSION = YES;
				CLANG_WARN_DEPRECATED_OBJC_IMPLEMENTATIONS = YES;
				CLANG_WARN_DIRECT_OBJC_ISA_USAGE = YES_ERROR;
				CLANG_WARN_DOCUMENTATION_COMMENTS = YES;
				CLANG_WARN_EMPTY_BODY = YES;
				CLANG_WARN_ENUM_CONVERSION = YES;
				CLANG_WARN_INFINITE_RECURSION = YES;
				CLANG_WARN_INT_CONVERSION = YES;
				CLANG_WARN_NON_LITERAL_NULL_CONVERSION = YES;
				CLANG_WARN_OBJC_IMPLICIT_RETAIN_SELF = YES;
				CLANG_WARN_OBJC_LITERAL_CONVERSION = YES;
				CLANG_WARN_OBJC_ROOT_CLASS = YES_ERROR;
				CLANG_WARN_RANGE_LOOP_ANALYSIS = YES;
				CLANG_WARN_STRICT_PROTOTYPES = YES;
				CLANG_WARN_SUSPICIOUS_MOVE = YES;
				CLANG_WARN_UNGUARDED_AVAILABILITY = YES_AGGRESSIVE;
				CLANG_WARN_UNREACHABLE_CODE = YES;
				CLANG_WARN__DUPLICATE_METHOD_MATCH = YES;
				COPY_PHASE_STRIP = NO;
				DEBUG_INFORMATION_FORMAT = dwarf;
				ENABLE_STRICT_OBJC_MSGSEND = YES;
				ENABLE_TESTABILITY = YES;
				GCC_C_LANGUAGE_STANDARD = gnu11;
				GCC_DYNAMIC_NO_PIC = NO;
				GCC_NO_COMMON_BLOCKS = YES;
				GCC_OPTIMIZATION_LEVEL = 0;
				GCC_PREPROCESSOR_DEFINITIONS = (
					"DEBUG=1",
					"$(inherited)",
				);
				GCC_WARN_64_TO_32_BIT_CONVERSION = YES;
				GCC_WARN_ABOUT_RETURN_TYPE = YES_ERROR;
				GCC_WARN_UNDECLARED_SELECTOR = YES;
				GCC_WARN_UNINITIALIZED_AUTOS = YES_AGGRESSIVE;
				GCC_WARN_UNUSED_FUNCTION = YES;
				GCC_WARN_UNUSED_VARIABLE = YES;
				IPHONEOS_DEPLOYMENT_TARGET = 13.4;
				MTL_ENABLE_DEBUG_INFO = INCLUDE_SOURCE;
				MTL_FAST_MATH = YES;
				ONLY_ACTIVE_ARCH = YES;
				SDKROOT = iphoneos;
				SWIFT_ACTIVE_COMPILATION_CONDITIONS = DEBUG;
				SWIFT_OPTIMIZATION_LEVEL = "-Onone";
			};
			name = Debug;
		};
		44EF1F2125549D78008F01C3 /* Release */ = {
			isa = XCBuildConfiguration;
			buildSettings = {
				ALWAYS_SEARCH_USER_PATHS = NO;
				CLANG_ANALYZER_NONNULL = YES;
				CLANG_ANALYZER_NUMBER_OBJECT_CONVERSION = YES_AGGRESSIVE;
				CLANG_CXX_LANGUAGE_STANDARD = "gnu++14";
				CLANG_CXX_LIBRARY = "libc++";
				CLANG_ENABLE_MODULES = YES;
				CLANG_ENABLE_OBJC_ARC = YES;
				CLANG_ENABLE_OBJC_WEAK = YES;
				CLANG_WARN_BLOCK_CAPTURE_AUTORELEASING = YES;
				CLANG_WARN_BOOL_CONVERSION = YES;
				CLANG_WARN_COMMA = YES;
				CLANG_WARN_CONSTANT_CONVERSION = YES;
				CLANG_WARN_DEPRECATED_OBJC_IMPLEMENTATIONS = YES;
				CLANG_WARN_DIRECT_OBJC_ISA_USAGE = YES_ERROR;
				CLANG_WARN_DOCUMENTATION_COMMENTS = YES;
				CLANG_WARN_EMPTY_BODY = YES;
				CLANG_WARN_ENUM_CONVERSION = YES;
				CLANG_WARN_INFINITE_RECURSION = YES;
				CLANG_WARN_INT_CONVERSION = YES;
				CLANG_WARN_NON_LITERAL_NULL_CONVERSION = YES;
				CLANG_WARN_OBJC_IMPLICIT_RETAIN_SELF = YES;
				CLANG_WARN_OBJC_LITERAL_CONVERSION = YES;
				CLANG_WARN_OBJC_ROOT_CLASS = YES_ERROR;
				CLANG_WARN_RANGE_LOOP_ANALYSIS = YES;
				CLANG_WARN_STRICT_PROTOTYPES = YES;
				CLANG_WARN_SUSPICIOUS_MOVE = YES;
				CLANG_WARN_UNGUARDED_AVAILABILITY = YES_AGGRESSIVE;
				CLANG_WARN_UNREACHABLE_CODE = YES;
				CLANG_WARN__DUPLICATE_METHOD_MATCH = YES;
				COPY_PHASE_STRIP = NO;
				DEBUG_INFORMATION_FORMAT = "dwarf-with-dsym";
				ENABLE_NS_ASSERTIONS = NO;
				ENABLE_STRICT_OBJC_MSGSEND = YES;
				GCC_C_LANGUAGE_STANDARD = gnu11;
				GCC_NO_COMMON_BLOCKS = YES;
				GCC_WARN_64_TO_32_BIT_CONVERSION = YES;
				GCC_WARN_ABOUT_RETURN_TYPE = YES_ERROR;
				GCC_WARN_UNDECLARED_SELECTOR = YES;
				GCC_WARN_UNINITIALIZED_AUTOS = YES_AGGRESSIVE;
				GCC_WARN_UNUSED_FUNCTION = YES;
				GCC_WARN_UNUSED_VARIABLE = YES;
				IPHONEOS_DEPLOYMENT_TARGET = 13.4;
				MTL_ENABLE_DEBUG_INFO = NO;
				MTL_FAST_MATH = YES;
				SDKROOT = iphoneos;
				SWIFT_COMPILATION_MODE = wholemodule;
				SWIFT_OPTIMIZATION_LEVEL = "-O";
				VALIDATE_PRODUCT = YES;
			};
			name = Release;
		};
		44EF1F2325549D78008F01C3 /* Debug */ = {
			isa = XCBuildConfiguration;
			baseConfigurationReference = 789782C2527937F259CE88B5 /* Pods-chatApp.debug.xcconfig */;
			buildSettings = {
				ASSETCATALOG_COMPILER_APPICON_NAME = AppIcon;
				CODE_SIGN_STYLE = Automatic;
				DEVELOPMENT_TEAM = JDPWP5BD2Q;
				INFOPLIST_FILE = chatApp/Info.plist;
				LD_RUNPATH_SEARCH_PATHS = (
					"$(inherited)",
					"@executable_path/Frameworks",
				);
				PRODUCT_BUNDLE_IDENTIFIER = Test.chatApp;
				PRODUCT_NAME = "$(TARGET_NAME)";
				SWIFT_VERSION = 5.0;
				TARGETED_DEVICE_FAMILY = "1,2";
			};
			name = Debug;
		};
		44EF1F2425549D78008F01C3 /* Release */ = {
			isa = XCBuildConfiguration;
			baseConfigurationReference = FBFF913CB5445EC730C57E39 /* Pods-chatApp.release.xcconfig */;
			buildSettings = {
				ASSETCATALOG_COMPILER_APPICON_NAME = AppIcon;
				CODE_SIGN_STYLE = Automatic;
				DEVELOPMENT_TEAM = JDPWP5BD2Q;
				INFOPLIST_FILE = chatApp/Info.plist;
				LD_RUNPATH_SEARCH_PATHS = (
					"$(inherited)",
					"@executable_path/Frameworks",
				);
				PRODUCT_BUNDLE_IDENTIFIER = Test.chatApp;
				PRODUCT_NAME = "$(TARGET_NAME)";
				SWIFT_VERSION = 5.0;
				TARGETED_DEVICE_FAMILY = "1,2";
			};
			name = Release;
		};
/* End XCBuildConfiguration section */

/* Begin XCConfigurationList section */
		44EF1F0725549D76008F01C3 /* Build configuration list for PBXProject "chatApp" */ = {
			isa = XCConfigurationList;
			buildConfigurations = (
				44EF1F2025549D78008F01C3 /* Debug */,
				44EF1F2125549D78008F01C3 /* Release */,
			);
			defaultConfigurationIsVisible = 0;
			defaultConfigurationName = Release;
		};
		44EF1F2225549D78008F01C3 /* Build configuration list for PBXNativeTarget "chatApp" */ = {
			isa = XCConfigurationList;
			buildConfigurations = (
				44EF1F2325549D78008F01C3 /* Debug */,
				44EF1F2425549D78008F01C3 /* Release */,
			);
			defaultConfigurationIsVisible = 0;
			defaultConfigurationName = Release;
		};
/* End XCConfigurationList section */
	};
	rootObject = 44EF1F0425549D76008F01C3 /* Project object */;
}
